
Microsoft Visual Studio Solution File, Format Version 12.00
# Visual Studio Version 17
VisualStudioVersion = 17.2.32630.192
MinimumVisualStudioVersion = 10.0.40219.1
Project("{FAE04EC0-301F-11D3-BF4B-00C04F79EFBC}") = "devopsdemo", "devopsdemo\devopsdemo.csproj", "{5FA93657-B73A-421D-92B9-D20867F69E75}"
EndProject
Global
	GlobalSection(SolutionConfigurationPlatforms) = preSolution
		Debug|Any CPU = Debug|Any CPU
		Release|Any CPU = Release|Any CPU
	EndGlobalSection
	GlobalSection(ProjectConfigurationPlatforms) = postSolution
		{5FA93657-B73A-421D-92B9-D20867F69E75}.Debug|Any CPU.ActiveCfg = Debug|Any CPU
		{5FA93657-B73A-421D-92B9-D20867F69E75}.Debug|Any CPU.Build.0 = Debug|Any CPU
		{5FA93657-B73A-421D-92B9-D20867F69E75}.Release|Any CPU.ActiveCfg = Release|Any CPU
		{5FA93657-B73A-421D-92B9-D20867F69E75}.Release|Any CPU.Build.0 = Release|Any CPU
	EndGlobalSection
	GlobalSection(SolutionProperties) = preSolution
		HideSolutionNode = FALSE
	EndGlobalSection
	GlobalSection(ExtensibilityGlobals) = postSolution
		SolutionGuid = {CAE8A8C8-0492-4980-B6F8-19C050627A33}
	EndGlobalSection
EndGlobal
